{
  "version": 2,
  "dependencies": {
    "net10.0": {
      "Invio.Extensions.Authentication.JwtBearer": {
        "type": "Direct",
        "requested": "[2.0.1, )",
        "resolved": "2.0.1",
        "contentHash": "Pwh2IeiNwZJeRQC+aeyZn68B2vB+SO1HLuCLW//BoECOJDueJnWZAErpSdhgQyl5P+3P9G+yqXaFIZEQsQ0wNg==",
        "dependencies": {
          "Microsoft.AspNetCore.Authentication.JwtBearer": "2.1.2"
        }
      },
      "Microsoft.AspNetCore.OpenApi": {
        "type": "Direct",
        "requested": "[10.0.5, )",
        "resolved": "10.0.5",
        "contentHash": "vTcxIfOPyfFbYk1g8YcXJfkMnlEWVkSnnjxcZLy60zgwiHMRf2SnZR+9E4HlpwKxgE3yfKMOti8J6WfKuKsw6w==",
        "dependencies": {
          "Microsoft.OpenApi": "2.0.0"
        }
      },
      "MinVer": {
        "type": "Direct",
        "requested": "[7.0.0, )",
        "resolved": "7.0.0",
        "contentHash": "2lMTCQl5bGP4iv0JNkockPnyllC6eHLz+CoK2ICvalvHod+exXSxueu9hq+zNkU7bZBJf8wMfeRC/Edn8AGmEg=="
      },
      "NetDevPack.Security.Jwt.AspNetCore": {
        "type": "Direct",
        "requested": "[9.0.4, )",
        "resolved": "9.0.4",
        "contentHash": "Mc1D1oMITaK8r+BR8ULvZyQHvYqY1we1QDCEa6QKmioQYkRzSWgiMbOyaMT4bsz3EoqQh7uxLemwhc/nMaSeIw==",
        "dependencies": {
          "Microsoft.AspNetCore.Authentication.JwtBearer": "10.0.2",
          "NetDevPack.Security.Jwt": "9.0.4"
        }
      },
      "NetDevPack.Security.JwtExtensions": {
        "type": "Direct",
        "requested": "[9.0.1, )",
        "resolved": "9.0.1",
        "contentHash": "ZwBhplMuBAs6nVn2TORg41Zq0SxIMzdr70OSx6EecCKHVbIfFC3YoZovW4VGc18Kx+n2D2LLRbkcgMBCXi3sDw==",
        "dependencies": {
          "Microsoft.AspNetCore.Authentication.JwtBearer": "10.0.2",
          "System.IdentityModel.Tokens.Jwt": "8.15.0"
        }
      },
      "Scalar.AspNetCore": {
        "type": "Direct",
        "requested": "[2.13.11, )",
        "resolved": "2.13.11",
        "contentHash": "bH99KIEEaYhC+mMM9011OJtou0y/9O2NXo6h9/k104sAniMzFSGKNaiIX6NRkxc487MJD8vYu3I3nJtW/nU/3g=="
      },
      "AWSSDK.Core": {
        "type": "Transitive",
        "resolved": "4.0.3.17",
        "contentHash": "Ab24kVquQ8kvuQKNe5MK/SvaXR4uoxPkAlTPALDEImaHcwsBg+UWfRVcNzLEx4dRR2y1mDFFh+zZ9TVMXGY6Jg=="
      },
      "Microsoft.AspNetCore.Authentication.JwtBearer": {
        "type": "Transitive",
        "resolved": "10.0.2",
        "contentHash": "UJGH1qpJgNSmDcAQQRtdUY/auztO+EJK4HHz3akdneWQ+3ladiLEMJeZOqjYiMcPf/h+MSAQq+xij+7umi7VXQ==",
        "dependencies": {
          "Microsoft.IdentityModel.Protocols.OpenIdConnect": "8.0.1"
        }
      },
      "Microsoft.IdentityModel.Abstractions": {
        "type": "Transitive",
        "resolved": "8.15.0",
        "contentHash": "e/DApa1GfxUqHSBHcpiQg8yaghKAvFVBQFcWh25jNoRobDZbduTUACY8bZ54eeGWXvimGmEDdF0zkS5Dq16XPQ=="
      },
      "Microsoft.IdentityModel.JsonWebTokens": {
        "type": "Transitive",
        "resolved": "8.15.0",
        "contentHash": "3513f5VzvOZy3ELd42wGnh1Q3e83tlGAuXFSNbENpgWYoAhLLzgFtd5PiaOPGAU0gqKhYGVzKavghLUGfX3HQg==",
        "dependencies": {
          "Microsoft.IdentityModel.Tokens": "8.15.0"
        }
      },
      "Microsoft.IdentityModel.Logging": {
        "type": "Transitive",
        "resolved": "8.15.0",
        "contentHash": "1gJLjhy0LV2RQMJ9NGzi5Tnb2l+c37o8D8Lrk2mrvmb6OQHZ7XJstd/XxvncXgBpad4x9CGXdipbZzJJCXKyAg==",
        "dependencies": {
          "Microsoft.IdentityModel.Abstractions": "8.15.0"
        }
      },
      "Microsoft.IdentityModel.Protocols": {
        "type": "Transitive",
        "resolved": "8.0.1",
        "contentHash": "uA2vpKqU3I2mBBEaeJAWPTjT9v1TZrGWKdgK6G5qJd03CLx83kdiqO9cmiK8/n1erkHzFBwU/RphP83aAe3i3g==",
        "dependencies": {
          "Microsoft.IdentityModel.Tokens": "8.0.1"
        }
      },
      "Microsoft.IdentityModel.Protocols.OpenIdConnect": {
        "type": "Transitive",
        "resolved": "8.0.1",
        "contentHash": "AQDbfpL+yzuuGhO/mQhKNsp44pm5Jv8/BI4KiFXR7beVGZoSH35zMV3PrmcfvSTsyI6qrcR898NzUauD6SRigg==",
        "dependencies": {
          "Microsoft.IdentityModel.Protocols": "8.0.1",
          "System.IdentityModel.Tokens.Jwt": "8.0.1"
        }
      },
      "Microsoft.IdentityModel.Tokens": {
        "type": "Transitive",
        "resolved": "8.15.0",
        "contentHash": "zUE9ysJXBtXlHHRtcRK3Sp8NzdCI1z/BRDTXJQ2TvBoI0ENRtnufYIep0O5TSCJRJGDwwuLTUx+l/bEYZUxpCA==",
        "dependencies": {
          "Microsoft.IdentityModel.Logging": "8.15.0"
        }
      },
      "Microsoft.OpenApi": {
        "type": "Transitive",
        "resolved": "2.0.0",
        "contentHash": "GGYLfzV/G/ct80OZ45JxnWP7NvMX1BCugn/lX7TH5o0lcVaviavsLMTxmFV2AybXWjbi3h6FF1vgZiTK6PXndw=="
      },
      "Microsoft.VisualStudio.Threading.Only": {
        "type": "Transitive",
        "resolved": "17.13.61",
        "contentHash": "vl5a2URJYCO5m+aZZtNlAXAMz28e2pUotRuoHD7RnCWOCeoyd8hWp5ZBaLNYq4iEj2oeJx5ZxiSboAjVmB20Qg==",
        "dependencies": {
          "Microsoft.VisualStudio.Validation": "17.8.8"
        }
      },
      "Microsoft.VisualStudio.Validation": {
        "type": "Transitive",
        "resolved": "17.8.8",
        "contentHash": "rWXThIpyQd4YIXghNkiv2+VLvzS+MCMKVRDR0GAMlflsdo+YcAN2g2r5U1Ah98OFjQMRexTFtXQQ2LkajxZi3g=="
      },
      "NetDevPack.Security.Jwt": {
        "type": "Transitive",
        "resolved": "9.0.4",
        "contentHash": "VF4IcBFfeuWl1ihnzILv4IxwnCdcHPHL7AEbqnyHZtlZL5to8IcTIQYNmjUmf0ASEhECNzA8AXGUrCv+7xy6Ww==",
        "dependencies": {
          "System.IdentityModel.Tokens.Jwt": "8.15.0",
          "System.Security.Cryptography.Pkcs": "10.0.2"
        }
      },
      "Nito.AsyncEx.Tasks": {
        "type": "Transitive",
        "resolved": "5.1.2",
        "contentHash": "jEkCfR2/M26OK/U4G7SEN063EU/F4LiVA06TtpZILMdX/quIHCg+wn31Zerl2LC+u1cyFancjTY3cNAr2/89PA==",
        "dependencies": {
          "Nito.Disposables": "2.2.1"
        }
      },
      "Nito.Collections.Deque": {
        "type": "Transitive",
        "resolved": "1.1.1",
        "contentHash": "CU0/Iuv5VDynK8I8pDLwkgF0rZhbQoZahtodfL0M3x2gFkpBRApKs8RyMyNlAi1mwExE4gsmqQXk4aFVvW9a4Q=="
      },
      "Nito.Disposables": {
        "type": "Transitive",
        "resolved": "2.2.1",
        "contentHash": "6sZ5uynQeAE9dPWBQGKebNmxbY4xsvcc5VplB5WkYEESUS7oy4AwnFp0FhqxTSKm/PaFrFqLrYr696CYN8cugg=="
      },
      "System.IdentityModel.Tokens.Jwt": {
        "type": "Transitive",
        "resolved": "8.15.0",
        "contentHash": "dpodi7ixz6hxK8YCBYAWzm0IA8JYXoKcz0hbCbNifo519//rjUI0fBD8rfNr+IGqq+2gm4oQoXwHk09LX5SqqQ==",
        "dependencies": {
          "Microsoft.IdentityModel.JsonWebTokens": "8.15.0",
          "Microsoft.IdentityModel.Tokens": "8.15.0"
        }
      },
      "System.Security.Cryptography.Pkcs": {
        "type": "Transitive",
        "resolved": "10.0.2",
        "contentHash": "TVb4L6atqzRB33qBy4FVdmQMmDGzzBGwiwqI6u5WnJ6ag275pPLJgPWIVzYzT5hqTACrWyfHbttqylbexvur9w=="
      },
      "dorisstorageadapter.common": {
        "type": "Project"
      },
      "dorisstorageadapter.services": {
        "type": "Project",
        "dependencies": {
          "AWSSDK.S3": "[4.0.19, )",
          "AsyncKeyedLock": "[8.0.2, )",
          "ByteSize": "[2.1.2, )",
          "DorisStorageAdapter.Common": "[1.0.0, )",
          "Nerdbank.Streams": "[2.13.16, )",
          "Nito.AsyncEx.Coordination": "[5.1.2, )",
          "WebDav.Client": "[2.9.0, )"
        }
      },
      "AsyncKeyedLock": {
        "type": "CentralTransitive",
        "requested": "[8.0.2, )",
        "resolved": "8.0.2",
        "contentHash": "QGys5cnIerNryv7V14PDkvGnlLz69kJtTfdnr+Lndcu+lRre397RNyU4FIeAJWgI9u73lTzXL52Qca9B/ncLXw=="
      },
      "AWSSDK.S3": {
        "type": "CentralTransitive",
        "requested": "[4.0.19, )",
        "resolved": "4.0.19",
        "contentHash": "4MuPk4oADJImViC6jeNNWCrwY5/BNtuoHG2vzb5nBRPAdS8GTFIkDpIUbg+w82pZL8TEG+pN8ARTBxoD26FOzg==",
        "dependencies": {
          "AWSSDK.Core": "[4.0.3.17, 5.0.0)"
        }
      },
      "ByteSize": {
        "type": "CentralTransitive",
        "requested": "[2.1.2, )",
        "resolved": "2.1.2",
        "contentHash": "dSiH9B0apNU5abV3OVUs3eTfHiidEAa8IMOLGW0eEl5tB8Ba1ngkGC7RT/RGy61ifGcPzCe7DMP78KB8pA5kNg=="
      },
      "Nerdbank.Streams": {
        "type": "CentralTransitive",
        "requested": "[2.13.16, )",
        "resolved": "2.13.16",
        "contentHash": "GjifQ5M4IpQWjGNNbIrsj8M/M7ESb2328OeoGeqxk5rOJiuaAJ5zFc6CyqB+5UWKr1KEGK23hKoxA+z1gooAKA==",
        "dependencies": {
          "Microsoft.VisualStudio.Threading.Only": "17.13.61",
          "Microsoft.VisualStudio.Validation": "17.8.8"
        }
      },
      "Nito.AsyncEx.Coordination": {
        "type": "CentralTransitive",
        "requested": "[5.1.2, )",
        "resolved": "5.1.2",
        "contentHash": "QMyUfsaxov//0ZMbOHWr9hJaBFteZd66DV1ay4J5wRODDb8+K/uHC7+3VsOflo6SVw/29mu8OWZp8vMDSuzc0w==",
        "dependencies": {
          "Nito.AsyncEx.Tasks": "5.1.2",
          "Nito.Collections.Deque": "1.1.1"
        }
      },
      "WebDav.Client": {
        "type": "CentralTransitive",
        "requested": "[2.9.0, )",
        "resolved": "2.9.0",
        "contentHash": "GLhd1tQAJeuVO1sj3Wm/dkg0GEVWxk+XGl6rdegMSMHenZuOaWQw4PifWDsjNEC1dtV1/C8JJfK0qfdkM+VIgA=="
      }
    }
  }
}