{
  "version": 2,
  "dependencies": {
    "net10.0": {
      "AsyncKeyedLock": {
        "type": "Direct",
        "requested": "[8.0.2, )",
        "resolved": "8.0.2",
        "contentHash": "QGys5cnIerNryv7V14PDkvGnlLz69kJtTfdnr+Lndcu+lRre397RNyU4FIeAJWgI9u73lTzXL52Qca9B/ncLXw=="
      },
      "AWSSDK.S3": {
        "type": "Direct",
        "requested": "[4.0.22.1, )",
        "resolved": "4.0.22.1",
        "contentHash": "DvD6hSsrr8Z5j+ER6msGOHFQZsgyhNWrLbO5y+1YT/VRn6uL4BFhI2YNofRsfVPaA85vOj7q/sLuexSsCXwJZg==",
        "dependencies": {
          "AWSSDK.Core": "[4.0.4, 5.0.0)"
        }
      },
      "ByteSize": {
        "type": "Direct",
        "requested": "[2.1.2, )",
        "resolved": "2.1.2",
        "contentHash": "dSiH9B0apNU5abV3OVUs3eTfHiidEAa8IMOLGW0eEl5tB8Ba1ngkGC7RT/RGy61ifGcPzCe7DMP78KB8pA5kNg=="
      },
      "Microsoft.Extensions.Configuration.Abstractions": {
        "type": "Direct",
        "requested": "[10.0.7, )",
        "resolved": "10.0.7",
        "contentHash": "t56nEgvECcyLPojZIUFWJknQQDAbgfTf9J+QMYJE1YYvVgz69vN6B/AKL8Grvj3Lcnp8kTpNqwmwFhb3YLJmtQ==",
        "dependencies": {
          "Microsoft.Extensions.Primitives": "10.0.7"
        }
      },
      "Microsoft.Extensions.DependencyInjection.Abstractions": {
        "type": "Direct",
        "requested": "[10.0.7, )",
        "resolved": "10.0.7",
        "contentHash": "Z6mfFEaFcwCfSboxJwOLfu7/31npCY9q70WUamHW/vRQhDvBKOT4Vf9YkZj5J6hLvJpb0oDEYfHunQZj0xxvKw=="
      },
      "Microsoft.Extensions.Http": {
        "type": "Direct",
        "requested": "[10.0.7, )",
        "resolved": "10.0.7",
        "contentHash": "1wbd+RPhRo3hJKNJhdGEO5ls0LGe55Ho4BUjlFtRUrWxDVVBd7g0Ydq9fbNy86pmvx/j7AGcSPo7YNCo1IRI6Q==",
        "dependencies": {
          "Microsoft.Extensions.Configuration.Abstractions": "10.0.7",
          "Microsoft.Extensions.DependencyInjection.Abstractions": "10.0.7",
          "Microsoft.Extensions.Diagnostics": "10.0.7",
          "Microsoft.Extensions.Logging": "10.0.7",
          "Microsoft.Extensions.Logging.Abstractions": "10.0.7",
          "Microsoft.Extensions.Options": "10.0.7"
        }
      },
      "Microsoft.Extensions.Options": {
        "type": "Direct",
        "requested": "[10.0.7, )",
        "resolved": "10.0.7",
        "contentHash": "00SHUGTh2jSMvIr6x9Xwd2nE+B5/qFCO/9hDwUDhJsjYRDlADmaBZ7tqehXzBDsfjHSXJzuRHJzPYPPjphBQ7Q==",
        "dependencies": {
          "Microsoft.Extensions.DependencyInjection.Abstractions": "10.0.7",
          "Microsoft.Extensions.Primitives": "10.0.7"
        }
      },
      "Microsoft.Extensions.Options.ConfigurationExtensions": {
        "type": "Direct",
        "requested": "[10.0.7, )",
        "resolved": "10.0.7",
        "contentHash": "IT7f+EMXZtkjatEcF+o6aOw/7OE4etRrMiDGEWH/iiTu2R3uhC4NEQJCfHiibtX45U3sIQ5Fh6tbb1qaOz3YAg==",
        "dependencies": {
          "Microsoft.Extensions.Configuration.Abstractions": "10.0.7",
          "Microsoft.Extensions.Configuration.Binder": "10.0.7",
          "Microsoft.Extensions.DependencyInjection.Abstractions": "10.0.7",
          "Microsoft.Extensions.Options": "10.0.7",
          "Microsoft.Extensions.Primitives": "10.0.7"
        }
      },
      "Microsoft.Extensions.Options.DataAnnotations": {
        "type": "Direct",
        "requested": "[10.0.7, )",
        "resolved": "10.0.7",
        "contentHash": "KWepqdSD4PxhFvVh3mckkvJ03u3q/VChkr6nT3nf5mm2XBk8ojxt2E4It0RMblb3GE7hJ0zQzFzxGKL0d6TfXA==",
        "dependencies": {
          "Microsoft.Extensions.DependencyInjection.Abstractions": "10.0.7",
          "Microsoft.Extensions.Options": "10.0.7"
        }
      },
      "Microsoft.Extensions.Telemetry.Abstractions": {
        "type": "Direct",
        "requested": "[10.5.0, )",
        "resolved": "10.5.0",
        "contentHash": "VmU7e6xHqoubWKl7y9MtWyQAjlDpvbds3gY8ZKMS/1GxY2+U1/aMNnMj09aOXAa3p5qhHSSkBzDJvyokCjVkPg==",
        "dependencies": {
          "Microsoft.Extensions.Compliance.Abstractions": "10.5.0",
          "Microsoft.Extensions.Logging.Abstractions": "10.0.6",
          "Microsoft.Extensions.ObjectPool": "10.0.6",
          "Microsoft.Extensions.Options": "10.0.6"
        }
      },
      "MimeTypes": {
        "type": "Direct",
        "requested": "[2.5.2, )",
        "resolved": "2.5.2",
        "contentHash": "vm4xrNt+i6OVRQ8vhfCcmDIUg3qvjyCTkSTNVTDFohsG6CXEpMaVFkidECL6yRYpHDnz4TqXhDoEQAcnHCu/tw=="
      },
      "Nerdbank.Streams": {
        "type": "Direct",
        "requested": "[2.13.16, )",
        "resolved": "2.13.16",
        "contentHash": "GjifQ5M4IpQWjGNNbIrsj8M/M7ESb2328OeoGeqxk5rOJiuaAJ5zFc6CyqB+5UWKr1KEGK23hKoxA+z1gooAKA==",
        "dependencies": {
          "Microsoft.VisualStudio.Threading.Only": "17.13.61",
          "Microsoft.VisualStudio.Validation": "17.8.8"
        }
      },
      "Nito.AsyncEx.Coordination": {
        "type": "Direct",
        "requested": "[5.1.2, )",
        "resolved": "5.1.2",
        "contentHash": "QMyUfsaxov//0ZMbOHWr9hJaBFteZd66DV1ay4J5wRODDb8+K/uHC7+3VsOflo6SVw/29mu8OWZp8vMDSuzc0w==",
        "dependencies": {
          "Nito.AsyncEx.Tasks": "5.1.2",
          "Nito.Collections.Deque": "1.1.1"
        }
      },
      "WebDav.Client": {
        "type": "Direct",
        "requested": "[2.9.0, )",
        "resolved": "2.9.0",
        "contentHash": "GLhd1tQAJeuVO1sj3Wm/dkg0GEVWxk+XGl6rdegMSMHenZuOaWQw4PifWDsjNEC1dtV1/C8JJfK0qfdkM+VIgA=="
      },
      "AWSSDK.Core": {
        "type": "Transitive",
        "resolved": "4.0.4",
        "contentHash": "RjBk1WDrOCpsSRGn6j2lYhgiyYnXEhMctwJevNnIPIIGpgj49ifbU6FmG1Dk+1M/VSuqeTQ1WVsssziTty7b2w=="
      },
      "Microsoft.Extensions.Compliance.Abstractions": {
        "type": "Transitive",
        "resolved": "10.5.0",
        "contentHash": "xbWZji13Vb2jDJNtwVrKpI09jd8x3n3fL+GzhiLK+8O5Wc2A+GyqCZalST2fV46Pf0QfCwkXf83y+3/rDkCd7A==",
        "dependencies": {
          "Microsoft.Extensions.DependencyInjection.Abstractions": "10.0.6",
          "Microsoft.Extensions.ObjectPool": "10.0.6"
        }
      },
      "Microsoft.Extensions.Configuration": {
        "type": "Transitive",
        "resolved": "10.0.7",
        "contentHash": "wZbGh7J8R1vXN525O6d8dlcDTxhRTnd5MyW4LdfP5S0tSnTwTCseYSrq6g0Mxh7W9xn8P/2xPuf0D/m6k2dy2w==",
        "dependencies": {
          "Microsoft.Extensions.Configuration.Abstractions": "10.0.7",
          "Microsoft.Extensions.Primitives": "10.0.7"
        }
      },
      "Microsoft.Extensions.Configuration.Binder": {
        "type": "Transitive",
        "resolved": "10.0.7",
        "contentHash": "8bS1qIaRivny+WX+49pmeJ6iAylbtX8C0DLEcCQWZjdxQvLqaMssXiGD9P/6pYElrHbK5/nAHmjbQ8STqdMYeg==",
        "dependencies": {
          "Microsoft.Extensions.Configuration": "10.0.7",
          "Microsoft.Extensions.Configuration.Abstractions": "10.0.7"
        }
      },
      "Microsoft.Extensions.DependencyInjection": {
        "type": "Transitive",
        "resolved": "10.0.7",
        "contentHash": "91F/o3emPV/+xY/ip3s2LqDNF14kjttlVtq0BXgg6p4MnCzeSZxnUJm+t6WRrtD3JdGo88/oX+z7OwK4y8PZuw==",
        "dependencies": {
          "Microsoft.Extensions.DependencyInjection.Abstractions": "10.0.7"
        }
      },
      "Microsoft.Extensions.Diagnostics": {
        "type": "Transitive",
        "resolved": "10.0.7",
        "contentHash": "l+smp1qPlU0OUXD0OGfdp7OUFrbdq7ZaP5T7m2WpfZ4RFKD7iG73BAT7tjSMxNmbSXkhAn1jYHOAqzYG1r9sNg==",
        "dependencies": {
          "Microsoft.Extensions.Configuration": "10.0.7",
          "Microsoft.Extensions.Diagnostics.Abstractions": "10.0.7",
          "Microsoft.Extensions.Options.ConfigurationExtensions": "10.0.7"
        }
      },
      "Microsoft.Extensions.Diagnostics.Abstractions": {
        "type": "Transitive",
        "resolved": "10.0.7",
        "contentHash": "uJ9JP677y+uy+C0vtaSfi7XXgFAdz8DhU3M9lwwIXDfQKcyQ0yxM9DVYa0NXDtdVTYA2eBUtVFZ8LY0GCdeE/w==",
        "dependencies": {
          "Microsoft.Extensions.DependencyInjection.Abstractions": "10.0.7",
          "Microsoft.Extensions.Options": "10.0.7"
        }
      },
      "Microsoft.Extensions.Logging": {
        "type": "Transitive",
        "resolved": "10.0.7",
        "contentHash": "hOeRIQ63GkgiYCB/MIFp+LQs8aXpJXpB55t6Aj37ab7t2/6WeFcPXxYM9hdy/o5tffzwf8mhqzLJP6mjGYCxjw==",
        "dependencies": {
          "Microsoft.Extensions.DependencyInjection": "10.0.7",
          "Microsoft.Extensions.Logging.Abstractions": "10.0.7",
          "Microsoft.Extensions.Options": "10.0.7"
        }
      },
      "Microsoft.Extensions.Logging.Abstractions": {
        "type": "Transitive",
        "resolved": "10.0.7",
        "contentHash": "tIEcQ2gvERrH2KiCjdsVcHGhXt9lIsuDStfOIeZWr7/fP8IXhGiYfx0/80PNI7WPO2IYuFtlZLSlnTS8+/Mchw==",
        "dependencies": {
          "Microsoft.Extensions.DependencyInjection.Abstractions": "10.0.7"
        }
      },
      "Microsoft.Extensions.ObjectPool": {
        "type": "Transitive",
        "resolved": "10.0.6",
        "contentHash": "2Jafd4fdxxiwiQ08mcF+Lf3vqikkQZusGVThOKZNSmPDceGk4IwkjeHL7OEb9Ov8q9ICY5wofL98CS153K5VvQ=="
      },
      "Microsoft.Extensions.Primitives": {
        "type": "Transitive",
        "resolved": "10.0.7",
        "contentHash": "D5M0Jr551iTgwkZMN9rm0pSkgNLj5quUWQUmQPMZh7k/bnvZTnXRGfE2KuvXf1EEjt/ofD9yw9IumpgdP9QCnw=="
      },
      "Microsoft.VisualStudio.Threading.Only": {
        "type": "Transitive",
        "resolved": "17.13.61",
        "contentHash": "vl5a2URJYCO5m+aZZtNlAXAMz28e2pUotRuoHD7RnCWOCeoyd8hWp5ZBaLNYq4iEj2oeJx5ZxiSboAjVmB20Qg==",
        "dependencies": {
          "Microsoft.VisualStudio.Validation": "17.8.8"
        }
      },
      "Microsoft.VisualStudio.Validation": {
        "type": "Transitive",
        "resolved": "17.8.8",
        "contentHash": "rWXThIpyQd4YIXghNkiv2+VLvzS+MCMKVRDR0GAMlflsdo+YcAN2g2r5U1Ah98OFjQMRexTFtXQQ2LkajxZi3g=="
      },
      "Nito.AsyncEx.Tasks": {
        "type": "Transitive",
        "resolved": "5.1.2",
        "contentHash": "jEkCfR2/M26OK/U4G7SEN063EU/F4LiVA06TtpZILMdX/quIHCg+wn31Zerl2LC+u1cyFancjTY3cNAr2/89PA==",
        "dependencies": {
          "Nito.Disposables": "2.2.1"
        }
      },
      "Nito.Collections.Deque": {
        "type": "Transitive",
        "resolved": "1.1.1",
        "contentHash": "CU0/Iuv5VDynK8I8pDLwkgF0rZhbQoZahtodfL0M3x2gFkpBRApKs8RyMyNlAi1mwExE4gsmqQXk4aFVvW9a4Q=="
      },
      "Nito.Disposables": {
        "type": "Transitive",
        "resolved": "2.2.1",
        "contentHash": "6sZ5uynQeAE9dPWBQGKebNmxbY4xsvcc5VplB5WkYEESUS7oy4AwnFp0FhqxTSKm/PaFrFqLrYr696CYN8cugg=="
      },
      "dorisstorageadapter.bagit": {
        "type": "Project"
      },
      "dorisstorageadapter.common": {
        "type": "Project"
      }
    }
  }
}